// !$*UTF8*$!
{
	archiveVersion = 1;
	classes = {
	};
	objectVersion = 46;
	objects = {

/* Begin PBXBuildFile section */
		251A19DE1D9B21C200A5E674 /* deadPool.png in Resources */ = {isa = PBXBuildFile; fileRef = 251A19DD1D9B21C200A5E674 /* deadPool.png */; };
		251A19E01D9B2A6600A5E674 /* Plik_000.jpeg in Resources */ = {isa = PBXBuildFile; fileRef = 251A19DF1D9B2A6600A5E674 /* Plik_000.jpeg */; };
		251A19E51D9B2A9E00A5E674 /* backgroundPhoto.png in Resources */ = {isa = PBXBuildFile; fileRef = 251A19E21D9B2A9E00A5E674 /* backgroundPhoto.png */; };
		251A19E61D9B2A9E00A5E674 /* googleButton.png in Resources */ = {isa = PBXBuildFile; fileRef = 251A19E31D9B2A9E00A5E674 /* googleButton.png */; };
		251A19E71D9B2A9E00A5E674 /* profileImage.png in Resources */ = {isa = PBXBuildFile; fileRef = 251A19E41D9B2A9E00A5E674 /* profileImage.png */; };
		259C328F1D95E0040083AC1B /* GoogleService-Info.plist in Resources */ = {isa = PBXBuildFile; fileRef = 259C328E1D95E0040083AC1B /* GoogleService-Info.plist */; };
		259C32921D95E4460083AC1B /* Helper.swift in Sources */ = {isa = PBXBuildFile; fileRef = 259C32911D95E4460083AC1B /* Helper.swift */; };
		25B0DA951D9318D90075C2E4 /* AppDelegate.swift in Sources */ = {isa = PBXBuildFile; fileRef = 25B0DA941D9318D90075C2E4 /* AppDelegate.swift */; };
		25B0DA9A1D9318D90075C2E4 /* Main.storyboard in Resources */ = {isa = PBXBuildFile; fileRef = 25B0DA981D9318D90075C2E4 /* Main.storyboard */; };
		25B0DA9C1D9318D90075C2E4 /* Assets.xcassets in Resources */ = {isa = PBXBuildFile; fileRef = 25B0DA9B1D9318D90075C2E4 /* Assets.xcassets */; };
		25B0DA9F1D9318D90075C2E4 /* LaunchScreen.storyboard in Resources */ = {isa = PBXBuildFile; fileRef = 25B0DA9D1D9318D90075C2E4 /* LaunchScreen.storyboard */; };
		25B0DAB71D9324130075C2E4 /* ChatViewController.swift in Sources */ = {isa = PBXBuildFile; fileRef = 25B0DAB61D9324130075C2E4 /* ChatViewController.swift */; };
		25B0DAB91D93252D0075C2E4 /* LoginViewController.swift in Sources */ = {isa = PBXBuildFile; fileRef = 25B0DAB81D93252D0075C2E4 /* LoginViewController.swift */; };
		575BA28CE0FA70AC707CA37D /* Pods_Chat.framework in Frameworks */ = {isa = PBXBuildFile; fileRef = 08CC1ABA7F056B552221776F /* Pods_Chat.framework */; };
/* End PBXBuildFile section */

/* Begin PBXFileReference section */
		08CC1ABA7F056B552221776F /* Pods_Chat.framework */ = {isa = PBXFileReference; explicitFileType = wrapper.framework; includeInIndex = 0; path = Pods_Chat.framework; sourceTree = BUILT_PRODUCTS_DIR; };
		251A19DD1D9B21C200A5E674 /* deadPool.png */ = {isa = PBXFileReference; lastKnownFileType = image.png; path = deadPool.png; sourceTree = "<group>"; };
		251A19DF1D9B2A6600A5E674 /* Plik_000.jpeg */ = {isa = PBXFileReference; lastKnownFileType = image.jpeg; path = Plik_000.jpeg; sourceTree = "<group>"; };
		251A19E21D9B2A9E00A5E674 /* backgroundPhoto.png */ = {isa = PBXFileReference; lastKnownFileType = image.png; name = backgroundPhoto.png; path = "Resources-GoChat/backgroundPhoto.png"; sourceTree = "<group>"; };
		251A19E31D9B2A9E00A5E674 /* googleButton.png */ = {isa = PBXFileReference; lastKnownFileType = image.png; name = googleButton.png; path = "Resources-GoChat/googleButton.png"; sourceTree = "<group>"; };
		251A19E41D9B2A9E00A5E674 /* profileImage.png */ = {isa = PBXFileReference; lastKnownFileType = image.png; name = profileImage.png; path = "Resources-GoChat/profileImage.png"; sourceTree = "<group>"; };
		259C328E1D95E0040083AC1B /* GoogleService-Info.plist */ = {isa = PBXFileReference; fileEncoding = 4; lastKnownFileType = text.plist.xml; path = "GoogleService-Info.plist"; sourceTree = "<group>"; };
		259C32901D95E2CB0083AC1B /* Chat.entitlements */ = {isa = PBXFileReference; lastKnownFileType = text.plist.entitlements; path = Chat.entitlements; sourceTree = "<group>"; };
		259C32911D95E4460083AC1B /* Helper.swift */ = {isa = PBXFileReference; fileEncoding = 4; lastKnownFileType = sourcecode.swift; path = Helper.swift; sourceTree = "<group>"; };
		25B0DA911D9318D90075C2E4 /* Chat.app */ = {isa = PBXFileReference; explicitFileType = wrapper.application; includeInIndex = 0; path = Chat.app; sourceTree = BUILT_PRODUCTS_DIR; };
		25B0DA941D9318D90075C2E4 /* AppDelegate.swift */ = {isa = PBXFileReference; lastKnownFileType = sourcecode.swift; path = AppDelegate.swift; sourceTree = "<group>"; };
		25B0DA991D9318D90075C2E4 /* Base */ = {isa = PBXFileReference; lastKnownFileType = file.storyboard; name = Base; path = Base.lproj/Main.storyboard; sourceTree = "<group>"; };
		25B0DA9B1D9318D90075C2E4 /* Assets.xcassets */ = {isa = PBXFileReference; lastKnownFileType = folder.assetcatalog; path = Assets.xcassets; sourceTree = "<group>"; };
		25B0DA9E1D9318D90075C2E4 /* Base */ = {isa = PBXFileReference; lastKnownFileType = file.storyboard; name = Base; path = Base.lproj/LaunchScreen.storyboard; sourceTree = "<group>"; };
		25B0DAA01D9318D90075C2E4 /* Info.plist */ = {isa = PBXFileReference; lastKnownFileType = text.plist.xml; path = Info.plist; sourceTree = "<group>"; };
		25B0DAB61D9324130075C2E4 /* ChatViewController.swift */ = {isa = PBXFileReference; fileEncoding = 4; lastKnownFileType = sourcecode.swift; path = ChatViewController.swift; sourceTree = SOURCE_ROOT; };
		25B0DAB81D93252D0075C2E4 /* LoginViewController.swift */ = {isa = PBXFileReference; fileEncoding = 4; lastKnownFileType = sourcecode.swift; name = LoginViewController.swift; path = ../LoginViewController.swift; sourceTree = "<group>"; };
		7D3E2E935E7AF73F2EC0886D /* Pods-Chat.debug.xcconfig */ = {isa = PBXFileReference; includeInIndex = 1; lastKnownFileType = text.xcconfig; name = "Pods-Chat.debug.xcconfig"; path = "Pods/Target Support Files/Pods-Chat/Pods-Chat.debug.xcconfig"; sourceTree = "<group>"; };
		B241916E2788B8407D6F91C5 /* Pods-Chat.release.xcconfig */ = {isa = PBXFileReference; includeInIndex = 1; lastKnownFileType = text.xcconfig; name = "Pods-Chat.release.xcconfig"; path = "Pods/Target Support Files/Pods-Chat/Pods-Chat.release.xcconfig"; sourceTree = "<group>"; };
/* End PBXFileReference section */

/* Begin PBXFrameworksBuildPhase section */
		25B0DA8E1D9318D70075C2E4 /* Frameworks */ = {
			isa = PBXFrameworksBuildPhase;
			buildActionMask = 2147483647;
			files = (
				575BA28CE0FA70AC707CA37D /* Pods_Chat.framework in Frameworks */,
			);
			runOnlyForDeploymentPostprocessing = 0;
		};
/* End PBXFrameworksBuildPhase section */

/* Begin PBXGroup section */
		25B0DA881D9318D70075C2E4 = {
			isa = PBXGroup;
			children = (
				25B0DA931D9318D90075C2E4 /* Chat */,
				25B0DA921D9318D90075C2E4 /* Products */,
				FB77C7401A3529748662378F /* Pods */,
				D9455E497EA3456E00721F32 /* Frameworks */,
			);
			sourceTree = "<group>";
		};
		25B0DA921D9318D90075C2E4 /* Products */ = {
			isa = PBXGroup;
			children = (
				25B0DA911D9318D90075C2E4 /* Chat.app */,
			);
			name = Products;
			sourceTree = "<group>";
		};
		25B0DA931D9318D90075C2E4 /* Chat */ = {
			isa = PBXGroup;
			children = (
				259C32901D95E2CB0083AC1B /* Chat.entitlements */,
				25B0DA941D9318D90075C2E4 /* AppDelegate.swift */,
				25B0DAB81D93252D0075C2E4 /* LoginViewController.swift */,
				25B0DAB61D9324130075C2E4 /* ChatViewController.swift */,
				259C32911D95E4460083AC1B /* Helper.swift */,
				25B0DA981D9318D90075C2E4 /* Main.storyboard */,
				25B0DA9B1D9318D90075C2E4 /* Assets.xcassets */,
				25B0DA9D1D9318D90075C2E4 /* LaunchScreen.storyboard */,
				25B0DAA01D9318D90075C2E4 /* Info.plist */,
				251A19DF1D9B2A6600A5E674 /* Plik_000.jpeg */,
				251A19E21D9B2A9E00A5E674 /* backgroundPhoto.png */,
				251A19E31D9B2A9E00A5E674 /* googleButton.png */,
				251A19E41D9B2A9E00A5E674 /* profileImage.png */,
				251A19DD1D9B21C200A5E674 /* deadPool.png */,
				259C328E1D95E0040083AC1B /* GoogleService-Info.plist */,
			);
			path = Chat;
			sourceTree = "<group>";
		};
		D9455E497EA3456E00721F32 /* Frameworks */ = {
			isa = PBXGroup;
			children = (
				08CC1ABA7F056B552221776F /* Pods_Chat.framework */,
			);
			name = Frameworks;
			sourceTree = "<group>";
		};
		FB77C7401A3529748662378F /* Pods */ = {
			isa = PBXGroup;
			children = (
				7D3E2E935E7AF73F2EC0886D /* Pods-Chat.debug.xcconfig */,
				B241916E2788B8407D6F91C5 /* Pods-Chat.release.xcconfig */,
			);
			name = Pods;
			sourceTree = "<group>";
		};
/* End PBXGroup section */

/* Begin PBXNativeTarget section */
		25B0DA901D9318D70075C2E4 /* Chat */ = {
			isa = PBXNativeTarget;
			buildConfigurationList = 25B0DAA31D9318D90075C2E4 /* Build configuration list for PBXNativeTarget "Chat" */;
			buildPhases = (
				7BA1C9DD4F046254796D88B1 /* [CP] Check Pods Manifest.lock */,
				25B0DA8D1D9318D70075C2E4 /* Sources */,
				25B0DA8E1D9318D70075C2E4 /* Frameworks */,
				25B0DA8F1D9318D70075C2E4 /* Resources */,
				7D4676B16560983C906D4556 /* [CP] Embed Pods Frameworks */,
				B767E12286026AD67FC24E21 /* [CP] Copy Pods Resources */,
			);
			buildRules = (
			);
			dependencies = (
			);
			name = Chat;
			productName = Chat;
			productReference = 25B0DA911D9318D90075C2E4 /* Chat.app */;
			productType = "com.apple.product-type.application";
		};
/* End PBXNativeTarget section */

/* Begin PBXProject section */
		25B0DA891D9318D70075C2E4 /* Project object */ = {
			isa = PBXProject;
			attributes = {
				LastSwiftUpdateCheck = 0800;
				LastUpgradeCheck = 0800;
				ORGANIZATIONNAME = "Dominik Grafik";
				TargetAttributes = {
					25B0DA901D9318D70075C2E4 = {
						CreatedOnToolsVersion = 8.0;
						DevelopmentTeam = SVGHR3J9A9;
						ProvisioningStyle = Automatic;
						SystemCapabilities = {
							com.apple.Keychain = {
								enabled = 1;
							};
						};
					};
				};
			};
			buildConfigurationList = 25B0DA8C1D9318D70075C2E4 /* Build configuration list for PBXProject "Chat" */;
			compatibilityVersion = "Xcode 3.2";
			developmentRegion = English;
			hasScannedForEncodings = 0;
			knownRegions = (
				en,
				Base,
			);
			mainGroup = 25B0DA881D9318D70075C2E4;
			productRefGroup = 25B0DA921D9318D90075C2E4 /* Products */;
			projectDirPath = "";
			projectRoot = "";
			targets = (
				25B0DA901D9318D70075C2E4 /* Chat */,
			);
		};
/* End PBXProject section */

/* Begin PBXResourcesBuildPhase section */
		25B0DA8F1D9318D70075C2E4 /* Resources */ = {
			isa = PBXResourcesBuildPhase;
			buildActionMask = 2147483647;
			files = (
				251A19E01D9B2A6600A5E674 /* Plik_000.jpeg in Resources */,
				25B0DA9F1D9318D90075C2E4 /* LaunchScreen.storyboard in Resources */,
				259C328F1D95E0040083AC1B /* GoogleService-Info.plist in Resources */,
				25B0DA9C1D9318D90075C2E4 /* Assets.xcassets in Resources */,
				251A19E61D9B2A9E00A5E674 /* googleButton.png in Resources */,
				251A19E51D9B2A9E00A5E674 /* backgroundPhoto.png in Resources */,
				25B0DA9A1D9318D90075C2E4 /* Main.storyboard in Resources */,
				251A19DE1D9B21C200A5E674 /* deadPool.png in Resources */,
				251A19E71D9B2A9E00A5E674 /* profileImage.png in Resources */,
			);
			runOnlyForDeploymentPostprocessing = 0;
		};
/* End PBXResourcesBuildPhase section */

/* Begin PBXShellScriptBuildPhase section */
		7BA1C9DD4F046254796D88B1 /* [CP] Check Pods Manifest.lock */ = {
			isa = PBXShellScriptBuildPhase;
			buildActionMask = 2147483647;
			files = (
			);
			inputPaths = (
			);
			name = "[CP] Check Pods Manifest.lock";
			outputPaths = (
			);
			runOnlyForDeploymentPostprocessing = 0;
			shellPath = /bin/sh;
			shellScript = "diff \"${PODS_ROOT}/../Podfile.lock\" \"${PODS_ROOT}/Manifest.lock\" > /dev/null\nif [ $? != 0 ] ; then\n    # print error to STDERR\n    echo \"error: The sandbox is not in sync with the Podfile.lock. Run 'pod install' or update your CocoaPods installation.\" >&2\n    exit 1\nfi\n";
			showEnvVarsInLog = 0;
		};
		7D4676B16560983C906D4556 /* [CP] Embed Pods Frameworks */ = {
			isa = PBXShellScriptBuildPhase;
			buildActionMask = 2147483647;
			files = (
			);
			inputPaths = (
			);
			name = "[CP] Embed Pods Frameworks";
			outputPaths = (
			);
			runOnlyForDeploymentPostprocessing = 0;
			shellPath = /bin/sh;
			shellScript = "\"${SRCROOT}/Pods/Target Support Files/Pods-Chat/Pods-Chat-frameworks.sh\"\n";
			showEnvVarsInLog = 0;
		};
		B767E12286026AD67FC24E21 /* [CP] Copy Pods Resources */ = {
			isa = PBXShellScriptBuildPhase;
			buildActionMask = 2147483647;
			files = (
			);
			inputPaths = (
			);
			name = "[CP] Copy Pods Resources";
			outputPaths = (
			);
			runOnlyForDeploymentPostprocessing = 0;
			shellPath = /bin/sh;
			shellScript = "\"${SRCROOT}/Pods/Target Support Files/Pods-Chat/Pods-Chat-resources.sh\"\n";
			showEnvVarsInLog = 0;
		};
/* End PBXShellScriptBuildPhase section */

/* Begin PBXSourcesBuildPhase section */
		25B0DA8D1D9318D70075C2E4 /* Sources */ = {
			isa = PBXSourcesBuildPhase;
			buildActionMask = 2147483647;
			files = (
				25B0DAB91D93252D0075C2E4 /* LoginViewController.swift in Sources */,
				25B0DAB71D9324130075C2E4 /* ChatViewController.swift in Sources */,
				25B0DA951D9318D90075C2E4 /* AppDelegate.swift in Sources */,
				259C32921D95E4460083AC1B /* Helper.swift in Sources */,
			);
			runOnlyForDeploymentPostprocessing = 0;
		};
/* End PBXSourcesBuildPhase section */

/* Begin PBXVariantGroup section */
		25B0DA981D9318D90075C2E4 /* Main.storyboard */ = {
			isa = PBXVariantGroup;
			children = (
				25B0DA991D9318D90075C2E4 /* Base */,
			);
			name = Main.storyboard;
			sourceTree = "<group>";
		};
		25B0DA9D1D9318D90075C2E4 /* LaunchScreen.storyboard */ = {
			isa = PBXVariantGroup;
			children = (
				25B0DA9E1D9318D90075C2E4 /* Base */,
			);
			name = LaunchScreen.storyboard;
			sourceTree = "<group>";
		};
/* End PBXVariantGroup section */

/* Begin XCBuildConfiguration section */
		25B0DAA11D9318D90075C2E4 /* Debug */ = {
			isa = XCBuildConfiguration;
			buildSettings = {
				ALWAYS_SEARCH_USER_PATHS = NO;
				CLANG_ANALYZER_NONNULL = YES;
				CLANG_CXX_LANGUAGE_STANDARD = "gnu++0x";
				CLANG_CXX_LIBRARY = "libc++";
				CLANG_ENABLE_MODULES = YES;
				CLANG_ENABLE_OBJC_ARC = YES;
				CLANG_WARN_BOOL_CONVERSION = YES;
				CLANG_WARN_CONSTANT_CONVERSION = YES;
				CLANG_WARN_DIRECT_OBJC_ISA_USAGE = YES_ERROR;
				CLANG_WARN_DOCUMENTATION_COMMENTS = YES;
				CLANG_WARN_EMPTY_BODY = YES;
				CLANG_WARN_ENUM_CONVERSION = YES;
				CLANG_WARN_INFINITE_RECURSION = YES;
				CLANG_WARN_INT_CONVERSION = YES;
				CLANG_WARN_OBJC_ROOT_CLASS = YES_ERROR;
				CLANG_WARN_SUSPICIOUS_MOVE = YES;
				CLANG_WARN_SUSPICIOUS_MOVES = YES;
				CLANG_WARN_UNREACHABLE_CODE = YES;
				CLANG_WARN__DUPLICATE_METHOD_MATCH = YES;
				"CODE_SIGN_IDENTITY[sdk=iphoneos*]" = "iPhone Developer";
				COPY_PHASE_STRIP = NO;
				DEBUG_INFORMATION_FORMAT = dwarf;
				ENABLE_STRICT_OBJC_MSGSEND = YES;
				ENABLE_TESTABILITY = YES;
				GCC_C_LANGUAGE_STANDARD = gnu99;
				GCC_DYNAMIC_NO_PIC = NO;
				GCC_NO_COMMON_BLOCKS = YES;
				GCC_OPTIMIZATION_LEVEL = 0;
				GCC_PREPROCESSOR_DEFINITIONS = (
					"DEBUG=1",
					"$(inherited)",
				);
				GCC_WARN_64_TO_32_BIT_CONVERSION = YES;
				GCC_WARN_ABOUT_RETURN_TYPE = YES_ERROR;
				GCC_WARN_UNDECLARED_SELECTOR = YES;
				GCC_WARN_UNINITIALIZED_AUTOS = YES_AGGRESSIVE;
				GCC_WARN_UNUSED_FUNCTION = YES;
				GCC_WARN_UNUSED_VARIABLE = YES;
				IPHONEOS_DEPLOYMENT_TARGET = 10.0;
				MTL_ENABLE_DEBUG_INFO = YES;
				ONLY_ACTIVE_ARCH = YES;
				SDKROOT = iphoneos;
				SWIFT_ACTIVE_COMPILATION_CONDITIONS = DEBUG;
				SWIFT_OPTIMIZATION_LEVEL = "-Onone";
				TARGETED_DEVICE_FAMILY = "1,2";
			};
			name = Debug;
		};
		25B0DAA21D9318D90075C2E4 /* Release */ = {
			isa = XCBuildConfiguration;
			buildSettings = {
				ALWAYS_SEARCH_USER_PATHS = NO;
				CLANG_ANALYZER_NONNULL = YES;
				CLANG_CXX_LANGUAGE_STANDARD = "gnu++0x";
				CLANG_CXX_LIBRARY = "libc++";
				CLANG_ENABLE_MODULES = YES;
				CLANG_ENABLE_OBJC_ARC = YES;
				CLANG_WARN_BOOL_CONVERSION = YES;
				CLANG_WARN_CONSTANT_CONVERSION = YES;
				CLANG_WARN_DIRECT_OBJC_ISA_USAGE = YES_ERROR;
				CLANG_WARN_DOCUMENTATION_COMMENTS = YES;
				CLANG_WARN_EMPTY_BODY = YES;
				CLANG_WARN_ENUM_CONVERSION = YES;
				CLANG_WARN_INFINITE_RECURSION = YES;
				CLANG_WARN_INT_CONVERSION = YES;
				CLANG_WARN_OBJC_ROOT_CLASS = YES_ERROR;
				CLANG_WARN_SUSPICIOUS_MOVE = YES;
				CLANG_WARN_SUSPICIOUS_MOVES = YES;
				CLANG_WARN_UNREACHABLE_CODE = YES;
				CLANG_WARN__DUPLICATE_METHOD_MATCH = YES;
				"CODE_SIGN_IDENTITY[sdk=iphoneos*]" = "iPhone Developer";
				COPY_PHASE_STRIP = NO;
				DEBUG_INFORMATION_FORMAT = "dwarf-with-dsym";
				ENABLE_NS_ASSERTIONS = NO;
				ENABLE_STRICT_OBJC_MSGSEND = YES;
				GCC_C_LANGUAGE_STANDARD = gnu99;
				GCC_NO_COMMON_BLOCKS = YES;
				GCC_WARN_64_TO_32_BIT_CONVERSION = YES;
				GCC_WARN_ABOUT_RETURN_TYPE = YES_ERROR;
				GCC_WARN_UNDECLARED_SELECTOR = YES;
				GCC_WARN_UNINITIALIZED_AUTOS = YES_AGGRESSIVE;
				GCC_WARN_UNUSED_FUNCTION = YES;
				GCC_WARN_UNUSED_VARIABLE = YES;
				IPHONEOS_DEPLOYMENT_TARGET = 10.0;
				MTL_ENABLE_DEBUG_INFO = NO;
				SDKROOT = iphoneos;
				SWIFT_OPTIMIZATION_LEVEL = "-Owholemodule";
				TARGETED_DEVICE_FAMILY = "1,2";
				VALIDATE_PRODUCT = YES;
			};
			name = Release;
		};
		25B0DAA41D9318D90075C2E4 /* Debug */ = {
			isa = XCBuildConfiguration;
			baseConfigurationReference = 7D3E2E935E7AF73F2EC0886D /* Pods-Chat.debug.xcconfig */;
			buildSettings = {
				ASSETCATALOG_COMPILER_APPICON_NAME = AppIcon;
				CODE_SIGN_ENTITLEMENTS = Chat/Chat.entitlements;
				DEVELOPMENT_TEAM = SVGHR3J9A9;
				INFOPLIST_FILE = Chat/Info.plist;
				IPHONEOS_DEPLOYMENT_TARGET = 10.0;
				LD_RUNPATH_SEARCH_PATHS = "$(inherited) @executable_path/Frameworks";
				PRODUCT_BUNDLE_IDENTIFIER = "Dominik-Grafik.Chat";
				PRODUCT_NAME = "$(TARGET_NAME)";
				SWIFT_VERSION = 2.3;
			};
			name = Debug;
		};
		25B0DAA51D9318D90075C2E4 /* Release */ = {
			isa = XCBuildConfiguration;
			baseConfigurationReference = B241916E2788B8407D6F91C5 /* Pods-Chat.release.xcconfig */;
			buildSettings = {
				ASSETCATALOG_COMPILER_APPICON_NAME = AppIcon;
				CODE_SIGN_ENTITLEMENTS = Chat/Chat.entitlements;
				DEVELOPMENT_TEAM = SVGHR3J9A9;
				INFOPLIST_FILE = Chat/Info.plist;
				IPHONEOS_DEPLOYMENT_TARGET = 10.0;
				LD_RUNPATH_SEARCH_PATHS = "$(inherited) @executable_path/Frameworks";
				PRODUCT_BUNDLE_IDENTIFIER = "Dominik-Grafik.Chat";
				PRODUCT_NAME = "$(TARGET_NAME)";
				SWIFT_VERSION = 2.3;
			};
			name = Release;
		};
/* End XCBuildConfiguration section */

/* Begin XCConfigurationList section */
		25B0DA8C1D9318D70075C2E4 /* Build configuration list for PBXProject "Chat" */ = {
			isa = XCConfigurationList;
			buildConfigurations = (
				25B0DAA11D9318D90075C2E4 /* Debug */,
				25B0DAA21D9318D90075C2E4 /* Release */,
			);
			defaultConfigurationIsVisible = 0;
			defaultConfigurationName = Release;
		};
		25B0DAA31D9318D90075C2E4 /* Build configuration list for PBXNativeTarget "Chat" */ = {
			isa = XCConfigurationList;
			buildConfigurations = (
				25B0DAA41D9318D90075C2E4 /* Debug */,
				25B0DAA51D9318D90075C2E4 /* Release */,
			);
			defaultConfigurationIsVisible = 0;
			defaultConfigurationName = Release;
		};
/* End XCConfigurationList section */
	};
	rootObject = 25B0DA891D9318D70075C2E4 /* Project object */;
}
